<?xml version="1.0" encoding="utf-8"?>
<Project ToolsVersion="4.0" xmlns="http://schemas.microsoft.com/developer/msbuild/2003">
  <ItemGroup>
    <Filter Include="Source Files">
      <UniqueIdentifier>{4FC737F1-C7A5-4376-A066-2A32D752A2FF}</UniqueIdentifier>
      <Extensions>cpp;c;cc;cxx;c++;cppm;ixx;def;odl;idl;hpj;bat;asm;asmx</Extensions>
    </Filter>
    <Filter Include="Header Files">
      <UniqueIdentifier>{93995380-89BD-4b04-88EB-625FBE52EBFB}</UniqueIdentifier>
      <Extensions>h;hh;hpp;hxx;h++;hm;inl;inc;ipp;xsd</Extensions>
    </Filter>
    <Filter Include="Resource Files">
      <UniqueIdentifier>{67DA6AB6-F800-4c08-8B7A-83BB121AAD01}</UniqueIdentifier>
      <Extensions>rc;ico;cur;bmp;dlg;rc2;rct;bin;rgs;gif;jpg;jpeg;jpe;resx;tiff;tif;png;wav;mfcribbon-ms</Extensions>
    </Filter>
  </ItemGroup>
  <ItemGroup>
    <ClCompile Include="Source.cpp">
      <Filter>Source Files</Filter>
    </ClCompile>
    <ClCompile Include="dist\jsoncpp.cpp">
      <Filter>Source Files</Filter>
    </ClCompile>
  </ItemGroup>
  <ItemGroup>
    <ClInclude Include="_Basics_Button.h">
      <Filter>Header Files</Filter>
    </ClInclude>
    <ClInclude Include="_Basics_KeyBoard.h">
      <Filter>Header Files</Filter>
    </ClInclude>
    <ClInclude Include="_Basics_Mouse.h">
      <Filter>Header Files</Filter>
    </ClInclude>
    <ClInclude Include="_MyIncludes_.h">
      <Filter>Header Files</Filter>
    </ClInclude>
    <ClInclude Include="AfterGlows.h">
      <Filter>Header Files</Filter>
    </ClInclude>
    <ClInclude Include="ArcadeController.h">
      <Filter>Header Files</Filter>
    </ClInclude>
    <ClInclude Include="BackGrounds.h">
      <Filter>Header Files</Filter>
    </ClInclude>
    <ClInclude Include="BonOBomController.h">
      <Filter>Header Files</Filter>
    </ClInclude>
    <ClInclude Include="Board.h">
      <Filter>Header Files</Filter>
    </ClInclude>
    <ClInclude Include="BubbleGumController.h">
      <Filter>Header Files</Filter>
    </ClInclude>
    <ClInclude Include="Camera.h">
      <Filter>Header Files</Filter>
    </ClInclude>
    <ClInclude Include="CupCakesController.h">
      <Filter>Header Files</Filter>
    </ClInclude>
    <ClInclude Include="CrushingParticle.h">
      <Filter>Header Files</Filter>
    </ClInclude>
    <ClInclude Include="DrawFactory.h">
      <Filter>Header Files</Filter>
    </ClInclude>
    <ClInclude Include="FancyLogo.h">
      <Filter>Header Files</Filter>
    </ClInclude>
    <ClInclude Include="FireworkRocketController.h">
      <Filter>Header Files</Filter>
    </ClInclude>
    <ClInclude Include="FishController.h">
      <Filter>Header Files</Filter>
    </ClInclude>
    <ClInclude Include="FNF_ArrowController.h">
      <Filter>Header Files</Filter>
    </ClInclude>
    <ClInclude Include="FNF_CharacterController.h">
      <Filter>Header Files</Filter>
    </ClInclude>
    <ClInclude Include="FollowingParticle.h">
      <Filter>Header Files</Filter>
    </ClInclude>
    <ClInclude Include="Includes.h">
      <Filter>Header Files</Filter>
    </ClInclude>
    <ClInclude Include="FNF_Funking.h">
      <Filter>Header Files</Filter>
    </ClInclude>
    <ClInclude Include="FrozenController.h">
      <Filter>Header Files</Filter>
    </ClInclude>
    <ClInclude Include="InfoPanel.h">
      <Filter>Header Files</Filter>
    </ClInclude>
    <ClInclude Include="Layouts.h">
      <Filter>Header Files</Filter>
    </ClInclude>
    <ClInclude Include="Ld_SandTimer.h">
      <Filter>Header Files</Filter>
    </ClInclude>
    <ClInclude Include="LevelTransition.h">
      <Filter>Header Files</Filter>
    </ClInclude>
    <ClInclude Include="LetterBoxing.h">
      <Filter>Header Files</Filter>
    </ClInclude>
    <ClInclude Include="LightBricks.h">
      <Filter>Header Files</Filter>
    </ClInclude>
    <ClInclude Include="LiviconHUD.h">
      <Filter>Header Files</Filter>
    </ClInclude>
    <ClInclude Include="LobbyController.h">
      <Filter>Header Files</Filter>
    </ClInclude>
    <ClInclude Include="LogicalController.h">
      <Filter>Header Files</Filter>
    </ClInclude>
    <ClInclude Include="LoadingCenter.h">
      <Filter>Header Files</Filter>
    </ClInclude>
    <ClInclude Include="Map.h">
      <Filter>Header Files</Filter>
    </ClInclude>
    <ClInclude Include="MemoryUsage.h">
      <Filter>Header Files</Filter>
    </ClInclude>
    <ClInclude Include="OnScreen.h">
      <Filter>Header Files</Filter>
    </ClInclude>
    <ClInclude Include="PoppingCandyController.h">
      <Filter>Header Files</Filter>
    </ClInclude>
    <ClInclude Include="Room.h">
      <Filter>Header Files</Filter>
    </ClInclude>
    <ClInclude Include="Scores.h">
      <Filter>Header Files</Filter>
    </ClInclude>
    <ClInclude Include="ShaderFactory.h">
      <Filter>Header Files</Filter>
    </ClInclude>
    <ClInclude Include="SoundFactory.h">
      <Filter>Header Files</Filter>
    </ClInclude>
    <ClInclude Include="SpawnPointController.h">
      <Filter>Header Files</Filter>
    </ClInclude>
    <ClInclude Include="SpecialMixes.h">
      <Filter>Header Files</Filter>
    </ClInclude>
    <ClInclude Include="SQLStuff.h">
      <Filter>Header Files</Filter>
    </ClInclude>
    <ClInclude Include="Statistic.h">
      <Filter>Header Files</Filter>
    </ClInclude>
    <ClInclude Include="SurpriseController.h">
      <Filter>Header Files</Filter>
    </ClInclude>
    <ClInclude Include="SpriteFactory.h">
      <Filter>Header Files</Filter>
    </ClInclude>
    <ClInclude Include="StarAdventure.h">
      <Filter>Header Files</Filter>
    </ClInclude>
    <ClInclude Include="StrippedController.h">
      <Filter>Header Files</Filter>
    </ClInclude>
    <ClInclude Include="Terminal.h">
      <Filter>Header Files</Filter>
    </ClInclude>
    <ClInclude Include="TheCandy.h">
      <Filter>Header Files</Filter>
    </ClInclude>
    <ClInclude Include="thyAnm.h">
      <Filter>Header Files</Filter>
    </ClInclude>
    <ClInclude Include="thyEffect.h">
      <Filter>Header Files</Filter>
    </ClInclude>
    <ClInclude Include="thyGrid_Logic.h">
      <Filter>Header Files</Filter>
    </ClInclude>
    <ClInclude Include="TheSwitcher.h">
      <Filter>Header Files</Filter>
    </ClInclude>
    <ClInclude Include="thyObject.h">
      <Filter>Header Files</Filter>
    </ClInclude>
    <ClInclude Include="VisualGridController.h">
      <Filter>Header Files</Filter>
    </ClInclude>
    <ClInclude Include="Tools_.h">
      <Filter>Header Files</Filter>
    </ClInclude>
    <ClInclude Include="UserController.h">
      <Filter>Header Files</Filter>
    </ClInclude>
    <ClInclude Include="World.h">
      <Filter>Header Files</Filter>
    </ClInclude>
    <ClInclude Include="WrappedController.h">
      <Filter>Header Files</Filter>
    </ClInclude>
  </ItemGroup>
</Project>